
Microsoft Visual Studio Solution File, Format Version 12.00
# Visual Studio 15
VisualStudioVersion = 15.0.26730.12
MinimumVisualStudioVersion = 10.0.40219.1
Project("{9A19103F-16F7-4668-BE54-9A1E7A4F7556}") = "questionAserver", "questionA\questionAserver.csproj", "{83CD1E10-114A-4E2D-9B40-F7378F041786}"
EndProject
Project("{9A19103F-16F7-4668-BE54-9A1E7A4F7556}") = "questionAclient", "questionAclient\questionAclient.csproj", "{0A935D62-87E0-4B14-B9E9-A8863BF315FF}"
EndProject
Project("{FAE04EC0-301F-11D3-BF4B-00C04F79EFBC}") = "Assignment3TestSuite", "Assignment3TestSuite\Assignment3TestSuite.csproj", "{650794CA-417B-45DE-8495-22FD56F98E07}"
EndProject
Global
	GlobalSection(SolutionConfigurationPlatforms) = preSolution
		Debug|Any CPU = Debug|Any CPU
		Release|Any CPU = Release|Any CPU
	EndGlobalSection
	GlobalSection(ProjectConfigurationPlatforms) = postSolution
		{83CD1E10-114A-4E2D-9B40-F7378F041786}.Debug|Any CPU.ActiveCfg = Debug|Any CPU
		{83CD1E10-114A-4E2D-9B40-F7378F041786}.Debug|Any CPU.Build.0 = Debug|Any CPU
		{83CD1E10-114A-4E2D-9B40-F7378F041786}.Release|Any CPU.ActiveCfg = Release|Any CPU
		{83CD1E10-114A-4E2D-9B40-F7378F041786}.Release|Any CPU.Build.0 = Release|Any CPU
		{0A935D62-87E0-4B14-B9E9-A8863BF315FF}.Debug|Any CPU.ActiveCfg = Debug|Any CPU
		{0A935D62-87E0-4B14-B9E9-A8863BF315FF}.Debug|Any CPU.Build.0 = Debug|Any CPU
		{0A935D62-87E0-4B14-B9E9-A8863BF315FF}.Release|Any CPU.ActiveCfg = Release|Any CPU
		{0A935D62-87E0-4B14-B9E9-A8863BF315FF}.Release|Any CPU.Build.0 = Release|Any CPU
		{650794CA-417B-45DE-8495-22FD56F98E07}.Debug|Any CPU.ActiveCfg = Debug|Any CPU
		{650794CA-417B-45DE-8495-22FD56F98E07}.Debug|Any CPU.Build.0 = Debug|Any CPU
		{650794CA-417B-45DE-8495-22FD56F98E07}.Release|Any CPU.ActiveCfg = Release|Any CPU
		{650794CA-417B-45DE-8495-22FD56F98E07}.Release|Any CPU.Build.0 = Release|Any CPU
	EndGlobalSection
	GlobalSection(SolutionProperties) = preSolution
		HideSolutionNode = FALSE
	EndGlobalSection
	GlobalSection(ExtensibilityGlobals) = postSolution
		SolutionGuid = {4968A6A8-6F60-40E5-9D35-CFD3C8E4CA1C}
	EndGlobalSection
EndGlobal
